
Microsoft Visual Studio Solution File, Format Version 12.00
# Visual Studio Version 16
VisualStudioVersion = 16.0.31702.278
MinimumVisualStudioVersion = 10.0.40219.1
Project("{8BC9CEB8-8B4A-11D0-8D11-00A0C91BC942}") = "Casting", "Casting\Casting.vcxproj", "{85855A80-89FC-46D3-8946-64223854AED2}"
EndProject
Global
	GlobalSection(SolutionConfigurationPlatforms) = preSolution
		Debug|x64 = Debug|x64
		Debug|x86 = Debug|x86
		Release|x64 = Release|x64
		Release|x86 = Release|x86
	EndGlobalSection
	GlobalSection(ProjectConfigurationPlatforms) = postSolution
		{85855A80-89FC-46D3-8946-64223854AED2}.Debug|x64.ActiveCfg = Debug|x64
		{85855A80-89FC-46D3-8946-64223854AED2}.Debug|x64.Build.0 = Debug|x64
		{85855A80-89FC-46D3-8946-64223854AED2}.Debug|x86.ActiveCfg = Debug|Win32
		{85855A80-89FC-46D3-8946-64223854AED2}.Debug|x86.Build.0 = Debug|Win32
		{85855A80-89FC-46D3-8946-64223854AED2}.Release|x64.ActiveCfg = Release|x64
		{85855A80-89FC-46D3-8946-64223854AED2}.Release|x64.Build.0 = Release|x64
		{85855A80-89FC-46D3-8946-64223854AED2}.Release|x86.ActiveCfg = Release|Win32
		{85855A80-89FC-46D3-8946-64223854AED2}.Release|x86.Build.0 = Release|Win32
	EndGlobalSection
	GlobalSection(SolutionProperties) = preSolution
		HideSolutionNode = FALSE
	EndGlobalSection
	GlobalSection(ExtensibilityGlobals) = postSolution
		SolutionGuid = {A02077EF-F896-4292-9B14-CE778E14F4D3}
	EndGlobalSection
EndGlobal
